
Microsoft Visual Studio Solution File, Format Version 12.00
# Visual Studio 15
VisualStudioVersion = 15.0.27004.2010
MinimumVisualStudioVersion = 10.0.40219.1
Project("{FAE04EC0-301F-11D3-BF4B-00C04F79EFBC}") = "IdentityFromScratch", "IdentityFromScratch\IdentityFromScratch.csproj", "{CB4DC807-7953-4C71-BC11-EBCB87C14DF5}"
EndProject
Global
	GlobalSection(SolutionConfigurationPlatforms) = preSolution
		Debug|Any CPU = Debug|Any CPU
		Release|Any CPU = Release|Any CPU
	EndGlobalSection
	GlobalSection(ProjectConfigurationPlatforms) = postSolution
		{CB4DC807-7953-4C71-BC11-EBCB87C14DF5}.Debug|Any CPU.ActiveCfg = Debug|Any CPU
		{CB4DC807-7953-4C71-BC11-EBCB87C14DF5}.Debug|Any CPU.Build.0 = Debug|Any CPU
		{CB4DC807-7953-4C71-BC11-EBCB87C14DF5}.Release|Any CPU.ActiveCfg = Release|Any CPU
		{CB4DC807-7953-4C71-BC11-EBCB87C14DF5}.Release|Any CPU.Build.0 = Release|Any CPU
	EndGlobalSection
	GlobalSection(SolutionProperties) = preSolution
		HideSolutionNode = FALSE
	EndGlobalSection
	GlobalSection(ExtensibilityGlobals) = postSolution
		SolutionGuid = {FCE0BEDB-40CB-4B4D-9BC5-3779E07DEFA3}
	EndGlobalSection
EndGlobal
